
Microsoft Visual Studio Solution File, Format Version 12.00
# Visual Studio Version 17
VisualStudioVersion = 17.10.34928.147
MinimumVisualStudioVersion = 10.0.40219.1
Project("{9A19103F-16F7-4668-BE54-9A1E7A4F7556}") = "HNGSTAGETWO", "HNGSTAGETWO.csproj", "{4077F975-AF51-4376-AAD3-86426B9A4C56}"
EndProject
Project("{FAE04EC0-301F-11D3-BF4B-00C04F79EFBC}") = "TestProject", "..\TestProject\TestProject.csproj", "{F11DA76C-BC2F-48CC-B581-9658D94A4F64}"
EndProject
Global
	GlobalSection(SolutionConfigurationPlatforms) = preSolution
		Debug|Any CPU = Debug|Any CPU
		Release|Any CPU = Release|Any CPU
	EndGlobalSection
	GlobalSection(ProjectConfigurationPlatforms) = postSolution
		{4077F975-AF51-4376-AAD3-86426B9A4C56}.Debug|Any CPU.ActiveCfg = Debug|Any CPU
		{4077F975-AF51-4376-AAD3-86426B9A4C56}.Debug|Any CPU.Build.0 = Debug|Any CPU
		{4077F975-AF51-4376-AAD3-86426B9A4C56}.Release|Any CPU.ActiveCfg = Release|Any CPU
		{4077F975-AF51-4376-AAD3-86426B9A4C56}.Release|Any CPU.Build.0 = Release|Any CPU
		{F11DA76C-BC2F-48CC-B581-9658D94A4F64}.Debug|Any CPU.ActiveCfg = Debug|Any CPU
		{F11DA76C-BC2F-48CC-B581-9658D94A4F64}.Debug|Any CPU.Build.0 = Debug|Any CPU
		{F11DA76C-BC2F-48CC-B581-9658D94A4F64}.Release|Any CPU.ActiveCfg = Release|Any CPU
		{F11DA76C-BC2F-48CC-B581-9658D94A4F64}.Release|Any CPU.Build.0 = Release|Any CPU
	EndGlobalSection
	GlobalSection(SolutionProperties) = preSolution
		HideSolutionNode = FALSE
	EndGlobalSection
	GlobalSection(ExtensibilityGlobals) = postSolution
		SolutionGuid = {7F855F28-8BF8-4960-A8FF-41EFB37B3A3F}
	EndGlobalSection
EndGlobal
